
Microsoft Visual Studio Solution File, Format Version 12.00
# Visual Studio 14
VisualStudioVersion = 14.0.23107.0
MinimumVisualStudioVersion = 10.0.40219.1
Project("{FAE04EC0-301F-11D3-BF4B-00C04F79EFBC}") = "DynamicComparer", "DynamicComparer\DynamicComparer.csproj", "{448C9329-1A0C-467D-8378-E80693DA52F9}"
EndProject
Project("{FAE04EC0-301F-11D3-BF4B-00C04F79EFBC}") = "DynamicComparer.Test", "DynamicComparer.Test\DynamicComparer.Test.csproj", "{AA07D7F3-DCDB-4903-8F07-C059FBAF3088}"
EndProject
Project("{FAE04EC0-301F-11D3-BF4B-00C04F79EFBC}") = "DynamicComparer.Benchmark", "DynamicComparer.Benchmark\DynamicComparer.Benchmark.csproj", "{F68DFC4F-C599-48EB-BFDA-1BE8BD1C67A6}"
EndProject
Global
	GlobalSection(SolutionConfigurationPlatforms) = preSolution
		Debug|Any CPU = Debug|Any CPU
		Release|Any CPU = Release|Any CPU
	EndGlobalSection
	GlobalSection(ProjectConfigurationPlatforms) = postSolution
		{448C9329-1A0C-467D-8378-E80693DA52F9}.Debug|Any CPU.ActiveCfg = Debug|Any CPU
		{448C9329-1A0C-467D-8378-E80693DA52F9}.Debug|Any CPU.Build.0 = Debug|Any CPU
		{448C9329-1A0C-467D-8378-E80693DA52F9}.Release|Any CPU.ActiveCfg = Release|Any CPU
		{448C9329-1A0C-467D-8378-E80693DA52F9}.Release|Any CPU.Build.0 = Release|Any CPU
		{AA07D7F3-DCDB-4903-8F07-C059FBAF3088}.Debug|Any CPU.ActiveCfg = Debug|Any CPU
		{AA07D7F3-DCDB-4903-8F07-C059FBAF3088}.Debug|Any CPU.Build.0 = Debug|Any CPU
		{AA07D7F3-DCDB-4903-8F07-C059FBAF3088}.Release|Any CPU.ActiveCfg = Release|Any CPU
		{AA07D7F3-DCDB-4903-8F07-C059FBAF3088}.Release|Any CPU.Build.0 = Release|Any CPU
		{F68DFC4F-C599-48EB-BFDA-1BE8BD1C67A6}.Debug|Any CPU.ActiveCfg = Debug|Any CPU
		{F68DFC4F-C599-48EB-BFDA-1BE8BD1C67A6}.Debug|Any CPU.Build.0 = Debug|Any CPU
		{F68DFC4F-C599-48EB-BFDA-1BE8BD1C67A6}.Release|Any CPU.ActiveCfg = Release|Any CPU
		{F68DFC4F-C599-48EB-BFDA-1BE8BD1C67A6}.Release|Any CPU.Build.0 = Release|Any CPU
	EndGlobalSection
	GlobalSection(SolutionProperties) = preSolution
		HideSolutionNode = FALSE
	EndGlobalSection
EndGlobal
